// !$*UTF8*$!
{
	archiveVersion = 1;
	classes = {
	};
	objectVersion = 60;
	objects = {

/* Begin PBXBuildFile section */
		BE12096B2C283B7D000A0956 /* Account.swift in Sources */ = {isa = PBXBuildFile; fileRef = BE12096A2C283B57000A0956 /* Account.swift */; };
		BE21E0252C2830A700F27FC0 /* Transaction.swift in Sources */ = {isa = PBXBuildFile; fileRef = BE21E0242C28309400F27FC0 /* Transaction.swift */; };
		BE9546E82C1C5E5B00346C26 /* DumbyData.swift in Sources */ = {isa = PBXBuildFile; fileRef = BE9546E72C1C5E5B00346C26 /* DumbyData.swift */; };
		BE9546EB2C1EEAAD00346C26 /* RemainingBalanceGraph.swift in Sources */ = {isa = PBXBuildFile; fileRef = BE9546EA2C1EEA7100346C26 /* RemainingBalanceGraph.swift */; };
		BE9546ED2C1EEE2C00346C26 /* MoneyButtons.swift in Sources */ = {isa = PBXBuildFile; fileRef = BE9546EC2C1EED0600346C26 /* MoneyButtons.swift */; };
		BE9546EF2C1F097E00346C26 /* Expenses.swift in Sources */ = {isa = PBXBuildFile; fileRef = BE9546EE2C1F097A00346C26 /* Expenses.swift */; };
		BED035392C34BE4100E7A801 /* Card.swift in Sources */ = {isa = PBXBuildFile; fileRef = BED035382C34BE3D00E7A801 /* Card.swift */; };
		BED822EB2C1AE708002BF986 /* GeldApp.swift in Sources */ = {isa = PBXBuildFile; fileRef = BED822EA2C1AE708002BF986 /* GeldApp.swift */; };
		BED822ED2C1AE708002BF986 /* ContentView.swift in Sources */ = {isa = PBXBuildFile; fileRef = BED822EC2C1AE708002BF986 /* ContentView.swift */; };
		BED822EF2C1AE709002BF986 /* Assets.xcassets in Resources */ = {isa = PBXBuildFile; fileRef = BED822EE2C1AE709002BF986 /* Assets.xcassets */; };
		BED822F22C1AE709002BF986 /* Preview Assets.xcassets in Resources */ = {isa = PBXBuildFile; fileRef = BED822F12C1AE709002BF986 /* Preview Assets.xcassets */; };
		BED822FC2C1AE709002BF986 /* GeldTests.swift in Sources */ = {isa = PBXBuildFile; fileRef = BED822FB2C1AE709002BF986 /* GeldTests.swift */; };
		BED823062C1AE709002BF986 /* GeldUITests.swift in Sources */ = {isa = PBXBuildFile; fileRef = BED823052C1AE709002BF986 /* GeldUITests.swift */; };
		BED823082C1AE709002BF986 /* GeldUITestsLaunchTests.swift in Sources */ = {isa = PBXBuildFile; fileRef = BED823072C1AE709002BF986 /* GeldUITestsLaunchTests.swift */; };
		BEFF6DF72C36B59300E4FFC0 /* CardSettings.swift in Sources */ = {isa = PBXBuildFile; fileRef = BEFF6DF62C36B58D00E4FFC0 /* CardSettings.swift */; };
/* End PBXBuildFile section */

/* Begin PBXContainerItemProxy section */
		BED822F82C1AE709002BF986 /* PBXContainerItemProxy */ = {
			isa = PBXContainerItemProxy;
			containerPortal = BED822DF2C1AE708002BF986 /* Project object */;
			proxyType = 1;
			remoteGlobalIDString = BED822E62C1AE708002BF986;
			remoteInfo = Geld;
		};
		BED823022C1AE709002BF986 /* PBXContainerItemProxy */ = {
			isa = PBXContainerItemProxy;
			containerPortal = BED822DF2C1AE708002BF986 /* Project object */;
			proxyType = 1;
			remoteGlobalIDString = BED822E62C1AE708002BF986;
			remoteInfo = Geld;
		};
/* End PBXContainerItemProxy section */

/* Begin PBXFileReference section */
		BE12096A2C283B57000A0956 /* Account.swift */ = {isa = PBXFileReference; lastKnownFileType = sourcecode.swift; path = Account.swift; sourceTree = "<group>"; };
		BE21E0242C28309400F27FC0 /* Transaction.swift */ = {isa = PBXFileReference; lastKnownFileType = sourcecode.swift; path = Transaction.swift; sourceTree = "<group>"; };
		BE9546E72C1C5E5B00346C26 /* DumbyData.swift */ = {isa = PBXFileReference; lastKnownFileType = sourcecode.swift; path = DumbyData.swift; sourceTree = "<group>"; };
		BE9546EA2C1EEA7100346C26 /* RemainingBalanceGraph.swift */ = {isa = PBXFileReference; lastKnownFileType = sourcecode.swift; path = RemainingBalanceGraph.swift; sourceTree = "<group>"; };
		BE9546EC2C1EED0600346C26 /* MoneyButtons.swift */ = {isa = PBXFileReference; lastKnownFileType = sourcecode.swift; path = MoneyButtons.swift; sourceTree = "<group>"; };
		BE9546EE2C1F097A00346C26 /* Expenses.swift */ = {isa = PBXFileReference; lastKnownFileType = sourcecode.swift; path = Expenses.swift; sourceTree = "<group>"; };
		BED035382C34BE3D00E7A801 /* Card.swift */ = {isa = PBXFileReference; lastKnownFileType = sourcecode.swift; path = Card.swift; sourceTree = "<group>"; };
		BED822E72C1AE708002BF986 /* Geld.app */ = {isa = PBXFileReference; explicitFileType = wrapper.application; includeInIndex = 0; path = Geld.app; sourceTree = BUILT_PRODUCTS_DIR; };
		BED822EA2C1AE708002BF986 /* GeldApp.swift */ = {isa = PBXFileReference; lastKnownFileType = sourcecode.swift; path = GeldApp.swift; sourceTree = "<group>"; };
		BED822EC2C1AE708002BF986 /* ContentView.swift */ = {isa = PBXFileReference; lastKnownFileType = sourcecode.swift; path = ContentView.swift; sourceTree = "<group>"; };
		BED822EE2C1AE709002BF986 /* Assets.xcassets */ = {isa = PBXFileReference; lastKnownFileType = folder.assetcatalog; path = Assets.xcassets; sourceTree = "<group>"; };
		BED822F12C1AE709002BF986 /* Preview Assets.xcassets */ = {isa = PBXFileReference; lastKnownFileType = folder.assetcatalog; path = "Preview Assets.xcassets"; sourceTree = "<group>"; };
		BED822F72C1AE709002BF986 /* GeldTests.xctest */ = {isa = PBXFileReference; explicitFileType = wrapper.cfbundle; includeInIndex = 0; path = GeldTests.xctest; sourceTree = BUILT_PRODUCTS_DIR; };
		BED822FB2C1AE709002BF986 /* GeldTests.swift */ = {isa = PBXFileReference; lastKnownFileType = sourcecode.swift; path = GeldTests.swift; sourceTree = "<group>"; };
		BED823012C1AE709002BF986 /* GeldUITests.xctest */ = {isa = PBXFileReference; explicitFileType = wrapper.cfbundle; includeInIndex = 0; path = GeldUITests.xctest; sourceTree = BUILT_PRODUCTS_DIR; };
		BED823052C1AE709002BF986 /* GeldUITests.swift */ = {isa = PBXFileReference; lastKnownFileType = sourcecode.swift; path = GeldUITests.swift; sourceTree = "<group>"; };
		BED823072C1AE709002BF986 /* GeldUITestsLaunchTests.swift */ = {isa = PBXFileReference; lastKnownFileType = sourcecode.swift; path = GeldUITestsLaunchTests.swift; sourceTree = "<group>"; };
		BEFF6DF62C36B58D00E4FFC0 /* CardSettings.swift */ = {isa = PBXFileReference; lastKnownFileType = sourcecode.swift; path = CardSettings.swift; sourceTree = "<group>"; };
/* End PBXFileReference section */

/* Begin PBXFrameworksBuildPhase section */
		BED822E42C1AE708002BF986 /* Frameworks */ = {
			isa = PBXFrameworksBuildPhase;
			buildActionMask = 2147483647;
			files = (
			);
			runOnlyForDeploymentPostprocessing = 0;
		};
		BED822F42C1AE709002BF986 /* Frameworks */ = {
			isa = PBXFrameworksBuildPhase;
			buildActionMask = 2147483647;
			files = (
			);
			runOnlyForDeploymentPostprocessing = 0;
		};
		BED822FE2C1AE709002BF986 /* Frameworks */ = {
			isa = PBXFrameworksBuildPhase;
			buildActionMask = 2147483647;
			files = (
			);
			runOnlyForDeploymentPostprocessing = 0;
		};
/* End PBXFrameworksBuildPhase section */

/* Begin PBXGroup section */
		BE21E0232C28300E00F27FC0 /* Models */ = {
			isa = PBXGroup;
			children = (
				BE12096A2C283B57000A0956 /* Account.swift */,
				BE21E0242C28309400F27FC0 /* Transaction.swift */,
			);
			path = Models;
			sourceTree = "<group>";
		};
		BE9546E92C1EEA5700346C26 /* Views */ = {
			isa = PBXGroup;
			children = (
				BEFF6DF62C36B58D00E4FFC0 /* CardSettings.swift */,
				BED035382C34BE3D00E7A801 /* Card.swift */,
				BE9546EE2C1F097A00346C26 /* Expenses.swift */,
				BE9546EC2C1EED0600346C26 /* MoneyButtons.swift */,
				BE9546EA2C1EEA7100346C26 /* RemainingBalanceGraph.swift */,
			);
			path = Views;
			sourceTree = "<group>";
		};
		BED822DE2C1AE708002BF986 = {
			isa = PBXGroup;
			children = (
				BED822E92C1AE708002BF986 /* Geld */,
				BED822FA2C1AE709002BF986 /* GeldTests */,
				BED823042C1AE709002BF986 /* GeldUITests */,
				BED822E82C1AE708002BF986 /* Products */,
			);
			sourceTree = "<group>";
		};
		BED822E82C1AE708002BF986 /* Products */ = {
			isa = PBXGroup;
			children = (
				BED822E72C1AE708002BF986 /* Geld.app */,
				BED822F72C1AE709002BF986 /* GeldTests.xctest */,
				BED823012C1AE709002BF986 /* GeldUITests.xctest */,
			);
			name = Products;
			sourceTree = "<group>";
		};
		BED822E92C1AE708002BF986 /* Geld */ = {
			isa = PBXGroup;
			children = (
				BE21E0232C28300E00F27FC0 /* Models */,
				BE9546E92C1EEA5700346C26 /* Views */,
				BED822EA2C1AE708002BF986 /* GeldApp.swift */,
				BED822EC2C1AE708002BF986 /* ContentView.swift */,
				BED822EE2C1AE709002BF986 /* Assets.xcassets */,
				BED822F02C1AE709002BF986 /* Preview Content */,
				BE9546E72C1C5E5B00346C26 /* DumbyData.swift */,
			);
			path = Geld;
			sourceTree = "<group>";
		};
		BED822F02C1AE709002BF986 /* Preview Content */ = {
			isa = PBXGroup;
			children = (
				BED822F12C1AE709002BF986 /* Preview Assets.xcassets */,
			);
			path = "Preview Content";
			sourceTree = "<group>";
		};
		BED822FA2C1AE709002BF986 /* GeldTests */ = {
			isa = PBXGroup;
			children = (
				BED822FB2C1AE709002BF986 /* GeldTests.swift */,
			);
			path = GeldTests;
			sourceTree = "<group>";
		};
		BED823042C1AE709002BF986 /* GeldUITests */ = {
			isa = PBXGroup;
			children = (
				BED823052C1AE709002BF986 /* GeldUITests.swift */,
				BED823072C1AE709002BF986 /* GeldUITestsLaunchTests.swift */,
			);
			path = GeldUITests;
			sourceTree = "<group>";
		};
/* End PBXGroup section */

/* Begin PBXNativeTarget section */
		BED822E62C1AE708002BF986 /* Geld */ = {
			isa = PBXNativeTarget;
			buildConfigurationList = BED8230B2C1AE709002BF986 /* Build configuration list for PBXNativeTarget "Geld" */;
			buildPhases = (
				BED822E32C1AE708002BF986 /* Sources */,
				BED822E42C1AE708002BF986 /* Frameworks */,
				BED822E52C1AE708002BF986 /* Resources */,
			);
			buildRules = (
			);
			dependencies = (
			);
			name = Geld;
			productName = Geld;
			productReference = BED822E72C1AE708002BF986 /* Geld.app */;
			productType = "com.apple.product-type.application";
		};
		BED822F62C1AE709002BF986 /* GeldTests */ = {
			isa = PBXNativeTarget;
			buildConfigurationList = BED8230E2C1AE709002BF986 /* Build configuration list for PBXNativeTarget "GeldTests" */;
			buildPhases = (
				BED822F32C1AE709002BF986 /* Sources */,
				BED822F42C1AE709002BF986 /* Frameworks */,
				BED822F52C1AE709002BF986 /* Resources */,
			);
			buildRules = (
			);
			dependencies = (
				BED822F92C1AE709002BF986 /* PBXTargetDependency */,
			);
			name = GeldTests;
			productName = GeldTests;
			productReference = BED822F72C1AE709002BF986 /* GeldTests.xctest */;
			productType = "com.apple.product-type.bundle.unit-test";
		};
		BED823002C1AE709002BF986 /* GeldUITests */ = {
			isa = PBXNativeTarget;
			buildConfigurationList = BED823112C1AE709002BF986 /* Build configuration list for PBXNativeTarget "GeldUITests" */;
			buildPhases = (
				BED822FD2C1AE709002BF986 /* Sources */,
				BED822FE2C1AE709002BF986 /* Frameworks */,
				BED822FF2C1AE709002BF986 /* Resources */,
			);
			buildRules = (
			);
			dependencies = (
				BED823032C1AE709002BF986 /* PBXTargetDependency */,
			);
			name = GeldUITests;
			productName = GeldUITests;
			productReference = BED823012C1AE709002BF986 /* GeldUITests.xctest */;
			productType = "com.apple.product-type.bundle.ui-testing";
		};
/* End PBXNativeTarget section */

/* Begin PBXProject section */
		BED822DF2C1AE708002BF986 /* Project object */ = {
			isa = PBXProject;
			attributes = {
				BuildIndependentTargetsInParallel = 1;
				LastSwiftUpdateCheck = 1600;
				LastUpgradeCheck = 1600;
				TargetAttributes = {
					BED822E62C1AE708002BF986 = {
						CreatedOnToolsVersion = 16.0;
					};
					BED822F62C1AE709002BF986 = {
						CreatedOnToolsVersion = 16.0;
						TestTargetID = BED822E62C1AE708002BF986;
					};
					BED823002C1AE709002BF986 = {
						CreatedOnToolsVersion = 16.0;
						TestTargetID = BED822E62C1AE708002BF986;
					};
				};
			};
			buildConfigurationList = BED822E22C1AE708002BF986 /* Build configuration list for PBXProject "Geld" */;
			compatibilityVersion = "Xcode 15.0";
			developmentRegion = en;
			hasScannedForEncodings = 0;
			knownRegions = (
				en,
				Base,
			);
			mainGroup = BED822DE2C1AE708002BF986;
			productRefGroup = BED822E82C1AE708002BF986 /* Products */;
			projectDirPath = "";
			projectRoot = "";
			targets = (
				BED822E62C1AE708002BF986 /* Geld */,
				BED822F62C1AE709002BF986 /* GeldTests */,
				BED823002C1AE709002BF986 /* GeldUITests */,
			);
		};
/* End PBXProject section */

/* Begin PBXResourcesBuildPhase section */
		BED822E52C1AE708002BF986 /* Resources */ = {
			isa = PBXResourcesBuildPhase;
			buildActionMask = 2147483647;
			files = (
				BED822F22C1AE709002BF986 /* Preview Assets.xcassets in Resources */,
				BED822EF2C1AE709002BF986 /* Assets.xcassets in Resources */,
			);
			runOnlyForDeploymentPostprocessing = 0;
		};
		BED822F52C1AE709002BF986 /* Resources */ = {
			isa = PBXResourcesBuildPhase;
			buildActionMask = 2147483647;
			files = (
			);
			runOnlyForDeploymentPostprocessing = 0;
		};
		BED822FF2C1AE709002BF986 /* Resources */ = {
			isa = PBXResourcesBuildPhase;
			buildActionMask = 2147483647;
			files = (
			);
			runOnlyForDeploymentPostprocessing = 0;
		};
/* End PBXResourcesBuildPhase section */

/* Begin PBXSourcesBuildPhase section */
		BED822E32C1AE708002BF986 /* Sources */ = {
			isa = PBXSourcesBuildPhase;
			buildActionMask = 2147483647;
			files = (
				BE9546EF2C1F097E00346C26 /* Expenses.swift in Sources */,
				BED035392C34BE4100E7A801 /* Card.swift in Sources */,
				BE9546ED2C1EEE2C00346C26 /* MoneyButtons.swift in Sources */,
				BE21E0252C2830A700F27FC0 /* Transaction.swift in Sources */,
				BEFF6DF72C36B59300E4FFC0 /* CardSettings.swift in Sources */,
				BE9546EB2C1EEAAD00346C26 /* RemainingBalanceGraph.swift in Sources */,
				BED822ED2C1AE708002BF986 /* ContentView.swift in Sources */,
				BE12096B2C283B7D000A0956 /* Account.swift in Sources */,
				BED822EB2C1AE708002BF986 /* GeldApp.swift in Sources */,
				BE9546E82C1C5E5B00346C26 /* DumbyData.swift in Sources */,
			);
			runOnlyForDeploymentPostprocessing = 0;
		};
		BED822F32C1AE709002BF986 /* Sources */ = {
			isa = PBXSourcesBuildPhase;
			buildActionMask = 2147483647;
			files = (
				BED822FC2C1AE709002BF986 /* GeldTests.swift in Sources */,
			);
			runOnlyForDeploymentPostprocessing = 0;
		};
		BED822FD2C1AE709002BF986 /* Sources */ = {
			isa = PBXSourcesBuildPhase;
			buildActionMask = 2147483647;
			files = (
				BED823082C1AE709002BF986 /* GeldUITestsLaunchTests.swift in Sources */,
				BED823062C1AE709002BF986 /* GeldUITests.swift in Sources */,
			);
			runOnlyForDeploymentPostprocessing = 0;
		};
/* End PBXSourcesBuildPhase section */

/* Begin PBXTargetDependency section */
		BED822F92C1AE709002BF986 /* PBXTargetDependency */ = {
			isa = PBXTargetDependency;
			target = BED822E62C1AE708002BF986 /* Geld */;
			targetProxy = BED822F82C1AE709002BF986 /* PBXContainerItemProxy */;
		};
		BED823032C1AE709002BF986 /* PBXTargetDependency */ = {
			isa = PBXTargetDependency;
			target = BED822E62C1AE708002BF986 /* Geld */;
			targetProxy = BED823022C1AE709002BF986 /* PBXContainerItemProxy */;
		};
/* End PBXTargetDependency section */

/* Begin XCBuildConfiguration section */
		BED823092C1AE709002BF986 /* Debug */ = {
			isa = XCBuildConfiguration;
			buildSettings = {
				ALWAYS_SEARCH_USER_PATHS = NO;
				ASSETCATALOG_COMPILER_GENERATE_SWIFT_ASSET_SYMBOL_EXTENSIONS = YES;
				CLANG_ANALYZER_NONNULL = YES;
				CLANG_ANALYZER_NUMBER_OBJECT_CONVERSION = YES_AGGRESSIVE;
				CLANG_CXX_LANGUAGE_STANDARD = "gnu++20";
				CLANG_ENABLE_MODULES = YES;
				CLANG_ENABLE_OBJC_ARC = YES;
				CLANG_ENABLE_OBJC_WEAK = YES;
				CLANG_WARN_BLOCK_CAPTURE_AUTORELEASING = YES;
				CLANG_WARN_BOOL_CONVERSION = YES;
				CLANG_WARN_COMMA = YES;
				CLANG_WARN_CONSTANT_CONVERSION = YES;
				CLANG_WARN_DEPRECATED_OBJC_IMPLEMENTATIONS = YES;
				CLANG_WARN_DIRECT_OBJC_ISA_USAGE = YES_ERROR;
				CLANG_WARN_DOCUMENTATION_COMMENTS = YES;
				CLANG_WARN_EMPTY_BODY = YES;
				CLANG_WARN_ENUM_CONVERSION = YES;
				CLANG_WARN_INFINITE_RECURSION = YES;
				CLANG_WARN_INT_CONVERSION = YES;
				CLANG_WARN_NON_LITERAL_NULL_CONVERSION = YES;
				CLANG_WARN_OBJC_IMPLICIT_RETAIN_SELF = YES;
				CLANG_WARN_OBJC_LITERAL_CONVERSION = YES;
				CLANG_WARN_OBJC_ROOT_CLASS = YES_ERROR;
				CLANG_WARN_QUOTED_INCLUDE_IN_FRAMEWORK_HEADER = YES;
				CLANG_WARN_RANGE_LOOP_ANALYSIS = YES;
				CLANG_WARN_STRICT_PROTOTYPES = YES;
				CLANG_WARN_SUSPICIOUS_MOVE = YES;
				CLANG_WARN_UNGUARDED_AVAILABILITY = YES_AGGRESSIVE;
				CLANG_WARN_UNREACHABLE_CODE = YES;
				CLANG_WARN__DUPLICATE_METHOD_MATCH = YES;
				COPY_PHASE_STRIP = NO;
				DEBUG_INFORMATION_FORMAT = dwarf;
				ENABLE_STRICT_OBJC_MSGSEND = YES;
				ENABLE_TESTABILITY = YES;
				ENABLE_USER_SCRIPT_SANDBOXING = YES;
				GCC_C_LANGUAGE_STANDARD = gnu17;
				GCC_DYNAMIC_NO_PIC = NO;
				GCC_NO_COMMON_BLOCKS = YES;
				GCC_OPTIMIZATION_LEVEL = 0;
				GCC_PREPROCESSOR_DEFINITIONS = (
					"DEBUG=1",
					"$(inherited)",
				);
				GCC_WARN_64_TO_32_BIT_CONVERSION = YES;
				GCC_WARN_ABOUT_RETURN_TYPE = YES_ERROR;
				GCC_WARN_UNDECLARED_SELECTOR = YES;
				GCC_WARN_UNINITIALIZED_AUTOS = YES_AGGRESSIVE;
				GCC_WARN_UNUSED_FUNCTION = YES;
				GCC_WARN_UNUSED_VARIABLE = YES;
				IPHONEOS_DEPLOYMENT_TARGET = 18.0;
				LOCALIZATION_PREFERS_STRING_CATALOGS = YES;
				MTL_ENABLE_DEBUG_INFO = INCLUDE_SOURCE;
				MTL_FAST_MATH = YES;
				ONLY_ACTIVE_ARCH = YES;
				SDKROOT = iphoneos;
				SWIFT_ACTIVE_COMPILATION_CONDITIONS = "DEBUG $(inherited)";
				SWIFT_OPTIMIZATION_LEVEL = "-Onone";
			};
			name = Debug;
		};
		BED8230A2C1AE709002BF986 /* Release */ = {
			isa = XCBuildConfiguration;
			buildSettings = {
				ALWAYS_SEARCH_USER_PATHS = NO;
				ASSETCATALOG_COMPILER_GENERATE_SWIFT_ASSET_SYMBOL_EXTENSIONS = YES;
				CLANG_ANALYZER_NONNULL = YES;
				CLANG_ANALYZER_NUMBER_OBJECT_CONVERSION = YES_AGGRESSIVE;
				CLANG_CXX_LANGUAGE_STANDARD = "gnu++20";
				CLANG_ENABLE_MODULES = YES;
				CLANG_ENABLE_OBJC_ARC = YES;
				CLANG_ENABLE_OBJC_WEAK = YES;
				CLANG_WARN_BLOCK_CAPTURE_AUTORELEASING = YES;
				CLANG_WARN_BOOL_CONVERSION = YES;
				CLANG_WARN_COMMA = YES;
				CLANG_WARN_CONSTANT_CONVERSION = YES;
				CLANG_WARN_DEPRECATED_OBJC_IMPLEMENTATIONS = YES;
				CLANG_WARN_DIRECT_OBJC_ISA_USAGE = YES_ERROR;
				CLANG_WARN_DOCUMENTATION_COMMENTS = YES;
				CLANG_WARN_EMPTY_BODY = YES;
				CLANG_WARN_ENUM_CONVERSION = YES;
				CLANG_WARN_INFINITE_RECURSION = YES;
				CLANG_WARN_INT_CONVERSION = YES;
				CLANG_WARN_NON_LITERAL_NULL_CONVERSION = YES;
				CLANG_WARN_OBJC_IMPLICIT_RETAIN_SELF = YES;
				CLANG_WARN_OBJC_LITERAL_CONVERSION = YES;
				CLANG_WARN_OBJC_ROOT_CLASS = YES_ERROR;
				CLANG_WARN_QUOTED_INCLUDE_IN_FRAMEWORK_HEADER = YES;
				CLANG_WARN_RANGE_LOOP_ANALYSIS = YES;
				CLANG_WARN_STRICT_PROTOTYPES = YES;
				CLANG_WARN_SUSPICIOUS_MOVE = YES;
				CLANG_WARN_UNGUARDED_AVAILABILITY = YES_AGGRESSIVE;
				CLANG_WARN_UNREACHABLE_CODE = YES;
				CLANG_WARN__DUPLICATE_METHOD_MATCH = YES;
				COPY_PHASE_STRIP = NO;
				DEBUG_INFORMATION_FORMAT = "dwarf-with-dsym";
				ENABLE_NS_ASSERTIONS = NO;
				ENABLE_STRICT_OBJC_MSGSEND = YES;
				ENABLE_USER_SCRIPT_SANDBOXING = YES;
				GCC_C_LANGUAGE_STANDARD = gnu17;
				GCC_NO_COMMON_BLOCKS = YES;
				GCC_WARN_64_TO_32_BIT_CONVERSION = YES;
				GCC_WARN_ABOUT_RETURN_TYPE = YES_ERROR;
				GCC_WARN_UNDECLARED_SELECTOR = YES;
				GCC_WARN_UNINITIALIZED_AUTOS = YES_AGGRESSIVE;
				GCC_WARN_UNUSED_FUNCTION = YES;
				GCC_WARN_UNUSED_VARIABLE = YES;
				IPHONEOS_DEPLOYMENT_TARGET = 18.0;
				LOCALIZATION_PREFERS_STRING_CATALOGS = YES;
				MTL_ENABLE_DEBUG_INFO = NO;
				MTL_FAST_MATH = YES;
				SDKROOT = iphoneos;
				SWIFT_COMPILATION_MODE = wholemodule;
				VALIDATE_PRODUCT = YES;
			};
			name = Release;
		};
		BED8230C2C1AE709002BF986 /* Debug */ = {
			isa = XCBuildConfiguration;
			buildSettings = {
				ASSETCATALOG_COMPILER_APPICON_NAME = AppIcon;
				ASSETCATALOG_COMPILER_GLOBAL_ACCENT_COLOR_NAME = AccentColor;
				CODE_SIGN_STYLE = Automatic;
				CURRENT_PROJECT_VERSION = 1;
				DEVELOPMENT_ASSET_PATHS = "\"Geld/Preview Content\"";
				DEVELOPMENT_TEAM = 282EVX55YN;
				ENABLE_PREVIEWS = YES;
				GENERATE_INFOPLIST_FILE = YES;
				INFOPLIST_KEY_UIApplicationSceneManifest_Generation = YES;
				INFOPLIST_KEY_UIApplicationSupportsIndirectInputEvents = YES;
				INFOPLIST_KEY_UILaunchScreen_Generation = YES;
				INFOPLIST_KEY_UISupportedInterfaceOrientations_iPad = "UIInterfaceOrientationPortrait UIInterfaceOrientationPortraitUpsideDown UIInterfaceOrientationLandscapeLeft UIInterfaceOrientationLandscapeRight";
				INFOPLIST_KEY_UISupportedInterfaceOrientations_iPhone = "UIInterfaceOrientationPortrait UIInterfaceOrientationLandscapeLeft UIInterfaceOrientationLandscapeRight";
				LD_RUNPATH_SEARCH_PATHS = (
					"$(inherited)",
					"@executable_path/Frameworks",
				);
				MARKETING_VERSION = 1.0;
				PRODUCT_BUNDLE_IDENTIFIER = com.logan.Geld;
				PRODUCT_NAME = "$(TARGET_NAME)";
				SWIFT_EMIT_LOC_STRINGS = YES;
				SWIFT_VERSION = 5.0;
				TARGETED_DEVICE_FAMILY = "1,2";
			};
			name = Debug;
		};
		BED8230D2C1AE709002BF986 /* Release */ = {
			isa = XCBuildConfiguration;
			buildSettings = {
				ASSETCATALOG_COMPILER_APPICON_NAME = AppIcon;
				ASSETCATALOG_COMPILER_GLOBAL_ACCENT_COLOR_NAME = AccentColor;
				CODE_SIGN_STYLE = Automatic;
				CURRENT_PROJECT_VERSION = 1;
				DEVELOPMENT_ASSET_PATHS = "\"Geld/Preview Content\"";
				DEVELOPMENT_TEAM = 282EVX55YN;
				ENABLE_PREVIEWS = YES;
				GENERATE_INFOPLIST_FILE = YES;
				INFOPLIST_KEY_UIApplicationSceneManifest_Generation = YES;
				INFOPLIST_KEY_UIApplicationSupportsIndirectInputEvents = YES;
				INFOPLIST_KEY_UILaunchScreen_Generation = YES;
				INFOPLIST_KEY_UISupportedInterfaceOrientations_iPad = "UIInterfaceOrientationPortrait UIInterfaceOrientationPortraitUpsideDown UIInterfaceOrientationLandscapeLeft UIInterfaceOrientationLandscapeRight";
				INFOPLIST_KEY_UISupportedInterfaceOrientations_iPhone = "UIInterfaceOrientationPortrait UIInterfaceOrientationLandscapeLeft UIInterfaceOrientationLandscapeRight";
				LD_RUNPATH_SEARCH_PATHS = (
					"$(inherited)",
					"@executable_path/Frameworks",
				);
				MARKETING_VERSION = 1.0;
				PRODUCT_BUNDLE_IDENTIFIER = com.logan.Geld;
				PRODUCT_NAME = "$(TARGET_NAME)";
				SWIFT_EMIT_LOC_STRINGS = YES;
				SWIFT_VERSION = 5.0;
				TARGETED_DEVICE_FAMILY = "1,2";
			};
			name = Release;
		};
		BED8230F2C1AE709002BF986 /* Debug */ = {
			isa = XCBuildConfiguration;
			buildSettings = {
				BUNDLE_LOADER = "$(TEST_HOST)";
				CODE_SIGN_STYLE = Automatic;
				CURRENT_PROJECT_VERSION = 1;
				DEVELOPMENT_TEAM = 282EVX55YN;
				GENERATE_INFOPLIST_FILE = YES;
				IPHONEOS_DEPLOYMENT_TARGET = 18.0;
				MARKETING_VERSION = 1.0;
				PRODUCT_BUNDLE_IDENTIFIER = com.logan.GeldTests;
				PRODUCT_NAME = "$(TARGET_NAME)";
				SWIFT_EMIT_LOC_STRINGS = NO;
				SWIFT_VERSION = 5.0;
				TARGETED_DEVICE_FAMILY = "1,2";
				TEST_HOST = "$(BUILT_PRODUCTS_DIR)/Geld.app/$(BUNDLE_EXECUTABLE_FOLDER_PATH)/Geld";
			};
			name = Debug;
		};
		BED823102C1AE709002BF986 /* Release */ = {
			isa = XCBuildConfiguration;
			buildSettings = {
				BUNDLE_LOADER = "$(TEST_HOST)";
				CODE_SIGN_STYLE = Automatic;
				CURRENT_PROJECT_VERSION = 1;
				DEVELOPMENT_TEAM = 282EVX55YN;
				GENERATE_INFOPLIST_FILE = YES;
				IPHONEOS_DEPLOYMENT_TARGET = 18.0;
				MARKETING_VERSION = 1.0;
				PRODUCT_BUNDLE_IDENTIFIER = com.logan.GeldTests;
				PRODUCT_NAME = "$(TARGET_NAME)";
				SWIFT_EMIT_LOC_STRINGS = NO;
				SWIFT_VERSION = 5.0;
				TARGETED_DEVICE_FAMILY = "1,2";
				TEST_HOST = "$(BUILT_PRODUCTS_DIR)/Geld.app/$(BUNDLE_EXECUTABLE_FOLDER_PATH)/Geld";
			};
			name = Release;
		};
		BED823122C1AE709002BF986 /* Debug */ = {
			isa = XCBuildConfiguration;
			buildSettings = {
				CODE_SIGN_STYLE = Automatic;
				CURRENT_PROJECT_VERSION = 1;
				DEVELOPMENT_TEAM = 282EVX55YN;
				GENERATE_INFOPLIST_FILE = YES;
				MARKETING_VERSION = 1.0;
				PRODUCT_BUNDLE_IDENTIFIER = com.logan.GeldUITests;
				PRODUCT_NAME = "$(TARGET_NAME)";
				SWIFT_EMIT_LOC_STRINGS = NO;
				SWIFT_VERSION = 5.0;
				TARGETED_DEVICE_FAMILY = "1,2";
				TEST_TARGET_NAME = Geld;
			};
			name = Debug;
		};
		BED823132C1AE709002BF986 /* Release */ = {
			isa = XCBuildConfiguration;
			buildSettings = {
				CODE_SIGN_STYLE = Automatic;
				CURRENT_PROJECT_VERSION = 1;
				DEVELOPMENT_TEAM = 282EVX55YN;
				GENERATE_INFOPLIST_FILE = YES;
				MARKETING_VERSION = 1.0;
				PRODUCT_BUNDLE_IDENTIFIER = com.logan.GeldUITests;
				PRODUCT_NAME = "$(TARGET_NAME)";
				SWIFT_EMIT_LOC_STRINGS = NO;
				SWIFT_VERSION = 5.0;
				TARGETED_DEVICE_FAMILY = "1,2";
				TEST_TARGET_NAME = Geld;
			};
			name = Release;
		};
/* End XCBuildConfiguration section */

/* Begin XCConfigurationList section */
		BED822E22C1AE708002BF986 /* Build configuration list for PBXProject "Geld" */ = {
			isa = XCConfigurationList;
			buildConfigurations = (
				BED823092C1AE709002BF986 /* Debug */,
				BED8230A2C1AE709002BF986 /* Release */,
			);
			defaultConfigurationIsVisible = 0;
			defaultConfigurationName = Release;
		};
		BED8230B2C1AE709002BF986 /* Build configuration list for PBXNativeTarget "Geld" */ = {
			isa = XCConfigurationList;
			buildConfigurations = (
				BED8230C2C1AE709002BF986 /* Debug */,
				BED8230D2C1AE709002BF986 /* Release */,
			);
			defaultConfigurationIsVisible = 0;
			defaultConfigurationName = Release;
		};
		BED8230E2C1AE709002BF986 /* Build configuration list for PBXNativeTarget "GeldTests" */ = {
			isa = XCConfigurationList;
			buildConfigurations = (
				BED8230F2C1AE709002BF986 /* Debug */,
				BED823102C1AE709002BF986 /* Release */,
			);
			defaultConfigurationIsVisible = 0;
			defaultConfigurationName = Release;
		};
		BED823112C1AE709002BF986 /* Build configuration list for PBXNativeTarget "GeldUITests" */ = {
			isa = XCConfigurationList;
			buildConfigurations = (
				BED823122C1AE709002BF986 /* Debug */,
				BED823132C1AE709002BF986 /* Release */,
			);
			defaultConfigurationIsVisible = 0;
			defaultConfigurationName = Release;
		};
/* End XCConfigurationList section */
	};
	rootObject = BED822DF2C1AE708002BF986 /* Project object */;
}
